lockVersion: 2.0.0
id: 62ffc42d-5426-43ab-9fc2-8695a0d28695
management:
  docChecksum: 03e3387365ae18c7ce07d32543a62956
  docVersion: 1.0.0
  speakeasyVersion: 1.736.2
  generationVersion: 2.845.15
  releaseVersion: 0.0.1
  configChecksum: a12fd8f20026b901b7373824095cd6c6
persistentEdits:
  generation_id: 4c2fda2a-3264-42e0-9e53-7ae6be7a36e8
  pristine_commit_hash: 624bc517e03f0113351a8a958b604576b13b3d67
  pristine_tree_hash: d947d68d18b5d8a940ce7ceb339ea8f857283826
features:
  typescript:
    additionalDependencies: 0.1.0
    constsAndDefaults: 0.1.14
    core: 3.26.38
    defaultEnabledRetries: 0.1.0
    devContainers: 2.90.1
    enumUnions: 0.1.0
    envVarSecurityUsage: 0.1.2
    globalSecurity: 2.82.15
    globalSecurityCallbacks: 0.1.0
    globalSecurityFlattening: 0.1.1
    globalServerURLs: 2.83.1
    methodArguments: 0.1.2
    responseFormat: 0.3.0
    retries: 2.83.0
    sdkHooks: 0.4.0
    uploadStreams: 0.1.0
trackedFiles:
  .devcontainer/README.md:
    id: b170c0f184ac
    last_write_checksum: sha1:b6564d2a7c8ae764fff6d1b4666dcd787210a000
    pristine_git_object: cdef18c30e383534a868742e1b9148f2670606f9
  .devcontainer/devcontainer.json:
    id: b34062a34eb1
    last_write_checksum: sha1:d0b15193202c961e7d1875864ddb15f9d17c84dd
    pristine_git_object: 4d560dd5f40afaf10d96eb75b1f02cd48bbd640c
  .devcontainer/setup.sh:
    id: 5f1dfbfeb8eb
    last_write_checksum: sha1:cd765400f2c874609f905b4ed8ce899f11573f44
    pristine_git_object: d78bd502630f073014b8afe63cd65a297320183c
  .gitattributes:
    id: 24139dae6567
    last_write_checksum: sha1:26d16d8297b104945139da8c25bd38feeaad3e25
    pristine_git_object: 113eead5093c17d43a46159132885318f281a68a
  .npmignore:
    id: aa70c1f807c3
    last_write_checksum: sha1:425e91786e3b6cddd2b364bf3f9f9cd38e3c3e1a
    pristine_git_object: 134e78a629b846b88e408199011801852bacc600
  FUNCTIONS.md:
    id: 21b9df02aaeb
    last_write_checksum: sha1:7c6fce2e796079873244bc9aa81606cd3c8ba6d7
    pristine_git_object: 68f7d84bcabca9fed6d48ad18e95b75ef99bca34
  RUNTIMES.md:
    id: 620c490847b6
    last_write_checksum: sha1:e45b854f02c357cbcfdb8c3663000e8339e16505
    pristine_git_object: 27731c3b5ace66bedc454ed5acbe15075aacd3dc
  USAGE.md:
    id: 3aed33ce6e6f
    last_write_checksum: sha1:eeef22f47c34822520667880d4f1fe3a3a4656b7
    pristine_git_object: b6915dd592378bae75489a3a3b8867257230fc67
  docs/lib/utils/retryconfig.md:
    id: 0ce9707cb848
    last_write_checksum: sha1:bc4454e196fcd219f5a78da690375a884f5ed07b
    pristine_git_object: 08f95f4552349360b2c0b01802aa71ec3a55d2c2
  docs/models/api-response.md:
    id: eb277b6ce40d
    last_write_checksum: sha1:451187615b84847a077eff5dba62fe6c15b1da87
    pristine_git_object: 3888947e877685747f6d5f2f661293ed28e88756
  docs/models/category.md:
    id: 61e7fe02a3f6
    last_write_checksum: sha1:db4b9f5d84aa1db3042e85b5a58f434e1420b807
    pristine_git_object: b484a669055fd1eac1b3a51a2cf1558115cb2114
  docs/models/errors/api-error-invalid-input.md:
    id: b0d50d51b9e2
    last_write_checksum: sha1:dd5cc84f9994856b8898491d28a0e318e341d304
    pristine_git_object: 30711d3f8e7eaa9c1f44f3c7399098a3403b69a2
  docs/models/errors/api-error-not-found.md:
    id: b8bd8fa2b12a
    last_write_checksum: sha1:4c48abae5bc58d715a851f1c6dad7f3fdff14077
    pristine_git_object: 9fffbc383f895e4bac4ea882ca01d0ee78562740
  docs/models/errors/api-error-unauthorized.md:
    id: dee91a86e5c4
    last_write_checksum: sha1:bdf43774dbecdf9a0155778d79598d0bdbf2520a
    pristine_git_object: 427aa6f3b8331b1c24eb3561593405e432f0680e
  docs/models/operations/delete-order-request.md:
    id: 6fa64a499e41
    last_write_checksum: sha1:bbd6e63a7e28bfef8862d6284fcfdaf4618422a7
    pristine_git_object: 5283e1b23214ee775390638bd8670f1671067ee2
  docs/models/operations/delete-pet-request.md:
    id: 3a603d3b1dfc
    last_write_checksum: sha1:4c98913329858741c4ccc0cf8e7d2fe1fa1d1a1c
    pristine_git_object: b72aa641be382b2ecf1f0668e21b28d84e442cfc
  docs/models/operations/delete-user-request.md:
    id: 88060dd43589
    last_write_checksum: sha1:0e83ed294a1802c13b063b0d03efe4e2cae1e317
    pristine_git_object: 65f892c14abe80b9dfee9a969b55d70a1c1c9853
  docs/models/operations/find-pets-by-status-request.md:
    id: c50ebd493ac7
    last_write_checksum: sha1:e19a76a32323d458a8cb89cd06c1ee49ea843ded
    pristine_git_object: 7af0170836d95eb323debcf5775f36c5f3bb428c
  docs/models/operations/find-pets-by-tags-request.md:
    id: 4397d6a88568
    last_write_checksum: sha1:a97155c36b2abe4ddd6c4bd63a035939116b403b
    pristine_git_object: 674f076fd28a7aa7e58f81bbfc895282155dbbe3
  docs/models/operations/get-order-by-id-request.md:
    id: 7ee9989b3c1b
    last_write_checksum: sha1:aece25e7a0ed924670e0662ecbeb12e6f0bdf012
    pristine_git_object: 3dd026f9f5bd0a224faf5812189feadd87ab5865
  docs/models/operations/get-pet-by-id-request.md:
    id: c78006bcdfc5
    last_write_checksum: sha1:34905a4751cf84ade8a1748078e272f763eb4e0d
    pristine_git_object: a167a75c370bd3a3bbe85812815ee90f03ebc3f9
  docs/models/operations/get-user-by-name-request.md:
    id: d49fcb5323d3
    last_write_checksum: sha1:dd1ed0599da7f38f6913a31472a6fc3f24a1cdfb
    pristine_git_object: f2e8d2380848403ff9613f00ebe08c935afb20a1
  docs/models/operations/login-user-request.md:
    id: bcaa4858be6b
    last_write_checksum: sha1:066081737cb86e3aad094458af3b0b7cc4685e90
    pristine_git_object: d1c9c727306ec99554d6021ed7174c7603addcb8
  docs/models/operations/login-user-response.md:
    id: 1a49b0d01364
    last_write_checksum: sha1:386b61e0d74d957c6cb01707bb1107f04ac84a80
    pristine_git_object: 0c5a20f20689f0c3d1969e6c7dceb635422054f2
  docs/models/operations/status.md:
    id: a42267b6f2cb
    last_write_checksum: sha1:0f43f79bc9b885beb84a4cf6de211afc5647bee0
    pristine_git_object: 8d6044973f77a56457a3903329c761680ab4647c
  docs/models/operations/update-user-request.md:
    id: c18ee51b844a
    last_write_checksum: sha1:b4e06103c521deaff45358992e87d0027becf92f
    pristine_git_object: ad6494ec7a14833aac6f2a35b54eca4b6799f352
  docs/models/operations/upload-file-request.md:
    id: 1f6375ee4718
    last_write_checksum: sha1:332298bc4483833e1a59f501790b2789f067651e
    pristine_git_object: ad943f36397d39e36b9afba17bf1e8f297902e18
  docs/models/order-status.md:
    id: f4526c8d3ad2
    last_write_checksum: sha1:a421efb66162c81d31300de28e631467062b396e
    pristine_git_object: dee25ae75124fde81560a256f5f91503ec110788
  docs/models/order.md:
    id: 5d2682daf79b
    last_write_checksum: sha1:53bc6013690eee7e75718719d31a081d185ac567
    pristine_git_object: 5a8203be1e68cbd877ab51aa84a9ffe177a3f0b0
  docs/models/pet-status.md:
    id: 10cb7497688c
    last_write_checksum: sha1:71a8d6c12c2b9db7bb7331fa13bc0e9d8a918e80
    pristine_git_object: b5f572f8d6fc3283f1d8eb89d61e979371d89195
  docs/models/pet.md:
    id: e267a20ce961
    last_write_checksum: sha1:e0505ab45b82d512695f796aae79876dc1820728
    pristine_git_object: 9b7cdcb8ef43a056b92414aa7fed85fb200cfd8a
  docs/models/security.md:
    id: 452e4d4eb67a
    last_write_checksum: sha1:45b229df3abb1ee854e9c2b10bca50ee15cc85f2
    pristine_git_object: b6fe2d9f1d5f2199e7e1822af4cbe15ecd31c2ae
  docs/models/tag.md:
    id: 90f069a60928
    last_write_checksum: sha1:1b7d4443d2bc5ad46b6c8fe3b65b200415c6a21b
    pristine_git_object: 9c97dd334817a4fc30ad8856c4b298a2aee3cd03
  docs/models/user.md:
    id: 8306f1e41187
    last_write_checksum: sha1:e56c98054dce46d61e0f1d4b9662ce40dcaed491
    pristine_git_object: dea9d9a0b2e5231c5bd63f99ff2bb6a075cc61b5
  docs/sdks/pet/README.md:
    id: 7745e380bb78
    last_write_checksum: sha1:04725d1e84e638b59464958742386b68fb38fb38
    pristine_git_object: f2a8a3f178f81498f1d76515dc8ca373ae4d6b22
  docs/sdks/store/README.md:
    id: c7c274b48df2
    last_write_checksum: sha1:0689ce726b5aa20a3b38d2401c48a9d9ebe251bb
    pristine_git_object: 65a9d37319f3fc497fcc801506a3185181778ddb
  docs/sdks/user/README.md:
    id: 437dd7dc6e30
    last_write_checksum: sha1:bb8728673eb8ac2e0dad8dbe078c5cfa899e3dc8
    pristine_git_object: 4e60e3d160afbbff0f3ce097eba48c45cce78cfa
  eslint.config.mjs:
    id: 461c8d07f6da
    last_write_checksum: sha1:9398f326377fe47f67af2df6eb6370750c0790b4
    pristine_git_object: 67bccfec985be20a00970d90155752832dd47135
  examples/.env.template:
    id: 52cbe5afed92
    last_write_checksum: sha1:f39ec595410da3854e03e798ab91c0428aa8747b
    pristine_git_object: 7cf263f58b56a1d993a21a8d0bee63a43a3a0ac3
  examples/README.md:
    id: 9d0f69d6e677
    last_write_checksum: sha1:7bb8658ced17265c8691c8491cd7dc164176123f
    pristine_git_object: b3ab475187428c54ff5faba5f3724377a260a833
  examples/package.json:
    id: c1d7b0ec8e7e
    last_write_checksum: sha1:ed67a81e9cdc1954195cbb8320ff6ec1e857e201
    pristine_git_object: 725c39c1f5d2f1338715ceca31e1cb5f4a078e9b
  examples/petUpdatePet.example.ts:
    id: c2f0927ce8b6
    last_write_checksum: sha1:8843231bb89616b4a2cd221a329894ede88eb0b9
    pristine_git_object: 3b8e6341c9e81620807a7b0f60f024320d8c27e0
  jsr.json:
    id: 7f6ab7767282
    last_write_checksum: sha1:a49bbe89410601f1b4108d0f408199d4d0eddff7
    pristine_git_object: c87e9e2743e0ad0f9c2096d97dd1ef93fccd3bf6
  package.json:
    id: 7030d0b2f71b
    last_write_checksum: sha1:506eb9d802c2fb815834d4444676a5acb9c03b7d
    pristine_git_object: b86e498b0ba73f22e33905fde77f14b0175807f8
  src/core.ts:
    id: f431fdbcd144
    last_write_checksum: sha1:d6a837f6980c9001ce7bd0c29122310de99d7da3
    pristine_git_object: 7d2eb4259445d2d865779fa924acfb3c9c636adb
  src/funcs/pet-add-pet.ts:
    id: eb1ea79cf489
    last_write_checksum: sha1:460ad58778342ad3bd08356537531ced11e6f9f3
    pristine_git_object: 35eb38e711ba1759c268d5fd24b175ad342e28c4
  src/funcs/pet-delete-pet.ts:
    id: 0565c467bbde
    last_write_checksum: sha1:3c2851c62672d0604ebf9c9746354e4998dc9937
    pristine_git_object: dc567af4b31a0b3144b7b33c87b04577f9402713
  src/funcs/pet-find-pets-by-status.ts:
    id: 7d5e57e27584
    last_write_checksum: sha1:ae25e17d055320dd6f38ef3ffe9069cf2eebedca
    pristine_git_object: 7259ba3b15321a9d75c116dd0d201f325bfc83d7
  src/funcs/pet-find-pets-by-tags.ts:
    id: 04320cbf5217
    last_write_checksum: sha1:688509f9dd5a51a478cf2bddd0b6c1cdc8e3cdfc
    pristine_git_object: 64232e2e3ae7955640e7808ae3b572e2e3ef7f75
  src/funcs/pet-get-pet-by-id.ts:
    id: eb1853446896
    last_write_checksum: sha1:b8a22a65f770f6a53cd48606d2486f2dec984305
    pristine_git_object: 8b22de8da3be3f5a4b29c0ff9388500b29abac63
  src/funcs/pet-update-pet.ts:
    id: ffed4587a33c
    last_write_checksum: sha1:7bf166b8a6756c9612b8ad869d6610875c952852
    pristine_git_object: cfb2d4db3692e598cb39f0d8862d7f044181eceb
  src/funcs/pet-upload-file.ts:
    id: da18ebc4530f
    last_write_checksum: sha1:125892e3cc88063f51c762baac2b2ef1b30f028a
    pristine_git_object: 3415d4e807edbc08b3a28a13e38518f9c3c31788
  src/funcs/store-delete-order.ts:
    id: bc694bec1c5f
    last_write_checksum: sha1:f824a63a402cd0de33be025bf19a8ae2843ff163
    pristine_git_object: 53172827a7662304aa097a5fcd5a4a18b8c53e6b
  src/funcs/store-get-inventory.ts:
    id: 09cc1472a497
    last_write_checksum: sha1:511c3c3864fd4d8dcb46b70cb800c11a0a2e882b
    pristine_git_object: 2300fbe90db26e8070ee4d3cc36d120f8f1f46ce
  src/funcs/store-get-order-by-id.ts:
    id: d7ee41076713
    last_write_checksum: sha1:8ea5cff3d0c39f1c7a218b1fadd628d001ca146b
    pristine_git_object: f22a1d5dd254ca8b69f37d3b6195044b17862ec1
  src/funcs/store-place-order.ts:
    id: 7c01be6403d4
    last_write_checksum: sha1:23293ff55b78df153d4406470a5987c7bfa021bd
    pristine_git_object: 13315c05ca63b30ef0455484e36a799b6c25f286
  src/funcs/user-create-user.ts:
    id: 2eedbcc7ee42
    last_write_checksum: sha1:ea578755d87d478f5a4cc351814756bd2ad6541a
    pristine_git_object: bc78a951088e39e219507e0d2dcd3492c2a313de
  src/funcs/user-create-users-with-list-input.ts:
    id: 82a2cc1f4c09
    last_write_checksum: sha1:20c0df1df997229ec9de8b40f8a1c110d666f22e
    pristine_git_object: 550a65695e7bcd5642bd772ae19a0f7e6587436c
  src/funcs/user-delete-user.ts:
    id: 0afe9048b8ba
    last_write_checksum: sha1:824a563c6c57fd974aa0cebc3a1c3da91cd289b5
    pristine_git_object: eea32db5d88ec517b4ffb43d9528bd9d51c71393
  src/funcs/user-get-user-by-name.ts:
    id: 71163f4e733f
    last_write_checksum: sha1:af0d7d4021f2706802e5a70209106161f93c7dd4
    pristine_git_object: 7dfa00a2218b0190857e3217e9b64db96ae958f9
  src/funcs/user-login-user.ts:
    id: a60320a1d970
    last_write_checksum: sha1:bff32b902c90bad1695222f7b554100ed10cb440
    pristine_git_object: a76a3f309569bd2e2f4228b7f077204f2c4723a6
  src/funcs/user-logout-user.ts:
    id: d61c92830fb2
    last_write_checksum: sha1:3bad546c26df28281d7ef6d54dc3ed3db7744afe
    pristine_git_object: cc1fc96edef223c668c8b73791c214ab3eb1c0a8
  src/funcs/user-update-user.ts:
    id: f299c576f47c
    last_write_checksum: sha1:ab178ace4f42599a5c6031b9c5abb953768c3989
    pristine_git_object: 3aeb32a2aa212ec1bc2044f3047faa38c14b097c
  src/hooks/hooks.ts:
    id: a2463fc6f69b
    last_write_checksum: sha1:7dd975bbcc46a32dd394f86a4652b74ecc70d874
    pristine_git_object: 7ed9e0445ac189e0f90687c6ef602212702bde90
  src/hooks/index.ts:
    id: 5f2dab62b520
    last_write_checksum: sha1:1a11c073a6cd792932218e1d4ed36b8567bad8ef
    pristine_git_object: f60ec7acd76141a71d78008c5a362eb0236d8335
  src/hooks/types.ts:
    id: 2a02d86ec24f
    last_write_checksum: sha1:27a3444c4839bec58ae89820fd8c2483edafc3f4
    pristine_git_object: 9c36bf01332084f735909a71036c3544cc4c7e3a
  src/index.ts:
    id: c5fb850250c7
    last_write_checksum: sha1:35c9cde3ae14b18b3f893a1afe8b6c44f8760f24
    pristine_git_object: dbcba164a0082e3bb8c43cf21fa7f8ffb9d35dfc
  src/lib/base64.ts:
    id: "598522066688"
    last_write_checksum: sha1:8c94164f2f78e6041c853186fa01f659591f5913
    pristine_git_object: 44be0eae8246521b230e8e711a88eff738fc015d
  src/lib/config.ts:
    id: 320761608fb3
    last_write_checksum: sha1:ebbb932a5f86f7e46de881bed919a024c6ee14ee
    pristine_git_object: 1e7cf05647a382a6070437fb2f5ccc405052c1e3
  src/lib/dlv.ts:
    id: b1988214835a
    last_write_checksum: sha1:1dd3e3fbb4550c4bf31f5ef997faff355d6f3250
    pristine_git_object: e81091f5e536f82739f71379b1fddc2d147c49e2
  src/lib/encodings.ts:
    id: 3bd8ead98afd
    last_write_checksum: sha1:7b206b995d985c9c1c89856a23346cf87c22d374
    pristine_git_object: 25d1d8032a69f56da1ac1df00a48ecf73457a1ef
  src/lib/env.ts:
    id: c52972a3b198
    last_write_checksum: sha1:12bedfdcd77e81bb92721f98a1a16edd6ac5dc0a
    pristine_git_object: d314f96f0612aef12cd26115ba3b2668de027b4f
  src/lib/files.ts:
    id: e5efa54fcb95
    last_write_checksum: sha1:d0f325f445b8d22e7d73baf052c585ec2dd24841
    pristine_git_object: 0344cd046d033f9e8a55de02f7935c5cec5dc30b
  src/lib/http.ts:
    id: 63a80782d37e
    last_write_checksum: sha1:797cbf16d3c7c4d62d3ba0eedb08617524938457
    pristine_git_object: 13cf1fd7894a89f727b8d2db2ad24313a94f68c7
  src/lib/is-plain-object.ts:
    id: b9862591096a
    last_write_checksum: sha1:df687f25a9590b6fd95d39df41a652ae3fd4e517
    pristine_git_object: 61070d3d7c7e5e95b1ed7e7ea21869eb0767db77
  src/lib/logger.ts:
    id: 7ee7741a02bf
    last_write_checksum: sha1:0ec9d3a2a34c362746b767e4f9a746c055d57a7b
    pristine_git_object: d181f2937d4128afbe9b0327e0f81d1fa9c877b7
  src/lib/matchers.ts:
    id: d54b2253b719
    last_write_checksum: sha1:26ae97cd1edf7af4f1920a2730680b4c233c9ebc
    pristine_git_object: 2381dd1f7f07f30429f5aae4cc97ae038ff5ae6d
  src/lib/primitives.ts:
    id: 74859f750b28
    last_write_checksum: sha1:987869fc54790b9c22e9182099103d6aa7c67016
    pristine_git_object: d21f1dc49affa4e6d324bdd60811b470fdfa7eb6
  src/lib/retries.ts:
    id: b24a69d15639
    last_write_checksum: sha1:f3da74dffcbe2756c69393f8600205aa1dc06e68
    pristine_git_object: e3ce9aba72150fc3c18f3105d39b21aba809377b
  src/lib/schemas.ts:
    id: deb4b531fae1
    last_write_checksum: sha1:b4b5fd22340ebd5b2914ee7b177c797b28fba7ef
    pristine_git_object: cf280491bf54dbd4d78e5c071c3b85cf5ca9e35e
  src/lib/sdks.ts:
    id: 8a6d91f1218d
    last_write_checksum: sha1:9e368a510ed6764911f4dad267d459a531213a0e
    pristine_git_object: c9dbe64c3b300699a33dd95f5ef0f357100d4ebc
  src/lib/security.ts:
    id: 0502afa7922e
    last_write_checksum: sha1:51a0a505e36329f8282215c767964977e1fc2a08
    pristine_git_object: 4621c99b05720ed27122ed5bce5393d05a4ce2e7
  src/lib/url.ts:
    id: b0057e24ed76
    last_write_checksum: sha1:d124050c7e755c0cce233b9e029afb584ff65201
    pristine_git_object: f3a8de6c021de59c991707946cd294596cae954d
  src/models/api-response.ts:
    id: 835f68ba9792
    last_write_checksum: sha1:5093291aef396f70869fc046c6959ec2ba5cbd53
    pristine_git_object: 966f0863596797d3899f2b33cd58ee235ff5892a
  src/models/category.ts:
    id: 7099facb0cf3
    last_write_checksum: sha1:af040935493bb6c358c1c8432b79210d2e62e08f
    pristine_git_object: 014a3596a85c1b738e94f0d41c61597e1c97320d
  src/models/errors/api-error-invalid-input.ts:
    id: 2aa0cd7e929c
    last_write_checksum: sha1:e8382617aed175690a44a56973fb4e0dcddf55d9
    pristine_git_object: 7a01a6876be5497d9e5cb090d25b2db6b4192a74
  src/models/errors/api-error-not-found.ts:
    id: d09ede45a935
    last_write_checksum: sha1:d6ffa9e084c78e90788e7ec3a51d04680b5e67e2
    pristine_git_object: 5c8e8795c6290c9f3cf36195d8f7c33823f8aa47
  src/models/errors/api-error-unauthorized.ts:
    id: 8532ac6861de
    last_write_checksum: sha1:f7419ba66dfc445f778ad3c79ea06cb2e187731a
    pristine_git_object: 0e8d86a1f3e309056e5eb9806e0539231b83c410
  src/models/errors/http-client-errors.ts:
    id: 08390231aab8
    last_write_checksum: sha1:994ced121c54fecd0af038ccfb7855fbfd3868ec
    pristine_git_object: b34f612124c797c2a1106b9735708f679a90b74f
  src/models/errors/index.ts:
    id: c4e22507cb83
    last_write_checksum: sha1:01e254c7933e07b626948cc724fe62f8f1ee3aea
    pristine_git_object: b32920d5e95ca35d2ad57c15868d044bc5fb79c8
  src/models/errors/petstore-default-error.ts:
    id: bbc51cd654aa
    last_write_checksum: sha1:a3ac223914cc9f93c8febd69a2fd28dc2994bfbe
    pristine_git_object: 9038ebf253f7d15e8908549352e266bf5a7ba9d7
  src/models/errors/petstore-error.ts:
    id: 618b851be77c
    last_write_checksum: sha1:28c313c63bee36e777959e2468a743d9a9c13d1a
    pristine_git_object: 96a660918e794ece5643c6b82090c5f982da80ff
  src/models/errors/response-validation-error.ts:
    id: a6ce701a9571
    last_write_checksum: sha1:5e6c48d8316e71af88ea2bc3207f037bcc6baec6
    pristine_git_object: f1f326d59b78818979e55d1bd3a7b9c162b1b39d
  src/models/errors/sdk-validation-error.ts:
    id: 9b17e7ef247f
    last_write_checksum: sha1:92771987c251f02fd86cfd824a3be709cd3c2837
    pristine_git_object: db00022e05d55600252f401eb0e6ab46278e0b07
  src/models/index.ts:
    id: f93644b0f37e
    last_write_checksum: sha1:14f1d08ecc8043dde0579de93e7d7dc4df7eee51
    pristine_git_object: ecac15c5b5242f1edeed1b7f77ec1ca9815f1391
  src/models/operations/delete-order.ts:
    id: c113faedac18
    last_write_checksum: sha1:756740af39f8b2994fe05b9179c483980447f27c
    pristine_git_object: e3a5548c5a0f98844fee43ca5cc0c4c07a4c4276
  src/models/operations/delete-pet.ts:
    id: 0859d714f66d
    last_write_checksum: sha1:8c3dcacf352aac7c6d136a8486199f18655668be
    pristine_git_object: f5c81f6bd80c3d2df41a3177527dce56ece5285c
  src/models/operations/delete-user.ts:
    id: 7b6693f5bd7f
    last_write_checksum: sha1:77ccfd8dcb01adb11803775c297d355b6dd97943
    pristine_git_object: 321c0c8ac857fed4df84ece493c55d534594fdf6
  src/models/operations/find-pets-by-status.ts:
    id: 2a89dcfb16c5
    last_write_checksum: sha1:726e5f4c0ebb83f772b03e8952c3c9e917a150b8
    pristine_git_object: da1d385370418877257db64a8eba81935aa32e74
  src/models/operations/find-pets-by-tags.ts:
    id: e25a7fe592b1
    last_write_checksum: sha1:99f8181ee1905e0b3352030bc34e26445654ba36
    pristine_git_object: 627e8ca5a86ce9b5db025888251e164fa920d2af
  src/models/operations/get-order-by-id.ts:
    id: d418c8d15cbb
    last_write_checksum: sha1:35bc97de6fd4b17b3b655101b59e40fe6017f3e2
    pristine_git_object: ce0d63c4ec4dc54cae42f960a2719929ef809554
  src/models/operations/get-pet-by-id.ts:
    id: f893deeac3de
    last_write_checksum: sha1:c02d9933a7e38bf18f273ceea8f907af4bc01aa8
    pristine_git_object: 32ee872d5e78434c1bf91cbe0de61c1cdecea2ec
  src/models/operations/get-user-by-name.ts:
    id: 876a9196a0e1
    last_write_checksum: sha1:6dfabd49c40a5b968852696c2e2608d50c1f05ac
    pristine_git_object: 74da1956faf09a9653a1a0f0ea45a755f749a949
  src/models/operations/index.ts:
    id: 0d9ffaf774d2
    last_write_checksum: sha1:cce4422428a0aa3350332fd6996de3fda526221b
    pristine_git_object: 94c153f10f7ac7244e2f6f49f6281143577187ec
  src/models/operations/login-user.ts:
    id: e120b7397583
    last_write_checksum: sha1:e147070ec09f09977b476d00def0e53bda1b12df
    pristine_git_object: e0a39971da92fad76710695364ecbe2b9887eee0
  src/models/operations/update-user.ts:
    id: 724d2d36ba5a
    last_write_checksum: sha1:0801e34bc4399cdc9f493f98358b96b1e8b1e73a
    pristine_git_object: b3c37fb6f3f28dfe795aaea92011ea7e07458546
  src/models/operations/upload-file.ts:
    id: 6c9fbb4387d1
    last_write_checksum: sha1:66b4aaddab706eeb3a88b68b9f3bbd1069040675
    pristine_git_object: 3cf85b623ec9699377fd659bf35a9d090323be8e
  src/models/order.ts:
    id: 8ebfc9e4c369
    last_write_checksum: sha1:02df902a64704c34d2bbff453aa61781d38b48a9
    pristine_git_object: a2a5640078697ba8099f9154131a829dfa0c9b64
  src/models/pet.ts:
    id: 3ebf7c50ae9e
    last_write_checksum: sha1:2cf5b22ca46606bbe2a67c20263ec6b300ad4b62
    pristine_git_object: 46a4d6ddb340bf0ad0fb163d9c783d5b758f955f
  src/models/security.ts:
    id: d90c6c784ca5
    last_write_checksum: sha1:2b0b2f2890773d4a84fb04fef25b65a516d2ed02
    pristine_git_object: 3b983017eac88494f47a4d0a1f04d0d85853ae65
  src/models/tag.ts:
    id: 7e9eb633ae53
    last_write_checksum: sha1:0157b7c396ab4df6f603606bd13a2d6885e492c6
    pristine_git_object: a72ccd87c275e26c86f1ba400dbd16410fa85fc7
  src/models/user.ts:
    id: 30400d1cf3c2
    last_write_checksum: sha1:202f1fdb4098e3a98b36b68515e5e0e8bc865cda
    pristine_git_object: 1779e7fa53a413cfbe4e95773394412029feab99
  src/sdk/index.ts:
    id: a857902a703f
    last_write_checksum: sha1:ed6d64f2a6135349aa8498b8d8cff9ba85c7fb8f
    pristine_git_object: ecac2264817bb369ff2dbf0f0e9029807e67ff77
  src/sdk/pet.ts:
    id: 345dee4ece5e
    last_write_checksum: sha1:5df56a0ce262f64a3223f76f1532938b84c55869
    pristine_git_object: 4c5860e37414e4fcfed181f6743eb9b839279678
  src/sdk/sdk.ts:
    id: 784571af2f69
    last_write_checksum: sha1:ee2c8055f4d8ac30a4c7479b9a85630e4f155378
    pristine_git_object: 52f37c60a786a59f403795bbcf94344a073fcb0e
  src/sdk/store.ts:
    id: e0f11ff8b641
    last_write_checksum: sha1:bb381087b321c3d3782f868a95740516b11f606e
    pristine_git_object: 16ffe48cab767969ecff82d3cc514455f76811ef
  src/sdk/user.ts:
    id: 363e2a871b31
    last_write_checksum: sha1:9214177fb2743a636b4c9bb9036cd2362abde37f
    pristine_git_object: 53110744741a9a879c68d554e22980a7d1976a0f
  src/types/async.ts:
    id: fac8da972f86
    last_write_checksum: sha1:3ff07b3feaf390ec1aeb18ff938e139c6c4a9585
    pristine_git_object: 689dba5de50e8769e5f3bb913e3f42a146d15bc1
  src/types/blobs.ts:
    id: f8ab9b326c86
    last_write_checksum: sha1:fd681458b532138913c372b05b3e16407abaa7a1
    pristine_git_object: 3deb988d444f7d202eda723492d7c1d76c5c208d
  src/types/const-date-time.ts:
    id: b3487d7170f2
    last_write_checksum: sha1:ce05316b31b373401875d5e962d63d2422e09cf2
    pristine_git_object: 586ee46aa2273cdf680bb542b4ef5dd953a48a08
  src/types/default-to-zero-value.ts:
    id: 6e0f763ae8c8
    last_write_checksum: sha1:2820c0bc8e71d475e79cc6b6947ca18d93f6310c
    pristine_git_object: c4cad53db08687649a55c711c4f4b3a29f7b7d24
  src/types/enums.ts:
    id: 4d03ddfe5100
    last_write_checksum: sha1:d7d0ffad0c128a11c5feb1f0ae8f3b507ee03c14
    pristine_git_object: a523bdde4b5b8144cf26414e32fc2319f2c466fa
  src/types/fp.ts:
    id: ae9f0fb8aab6
    last_write_checksum: sha1:d24994d58f37a1ca106847fcc6d2e976c6f1c093
    pristine_git_object: ccbe51eac69dfb0da5131f14fd753c4b47c1d527
  src/types/index.ts:
    id: cd7a0a5ed005
    last_write_checksum: sha1:a591fec0ad2231615101ebb6a95cc4d043733a6c
    pristine_git_object: d75cb43bf5811991f96203650c264af2b4c78b41
  src/types/operations.ts:
    id: 314da01dca47
    last_write_checksum: sha1:c49e724cfb1259296381cb57bc0fcdd2eae45865
    pristine_git_object: beb81e10f0b9eee2ed398a853fe6f737b743f818
  src/types/primitives.ts:
    id: 0cd7f4ac625d
    last_write_checksum: sha1:7bdf6c790bdbcb8e369088557c42878f5270a701
    pristine_git_object: 6180991492b8b6afccb3bb808010d4a15823168f
  src/types/rfcdate.ts:
    id: 9eb64906dcd6
    last_write_checksum: sha1:8e5f382e02fe21c2f2e24deb1b7bbf8cddd3dd16
    pristine_git_object: c79b3f53a3dd922aa2ace5a4191c8652cf9a8e89
  src/types/smart-union.ts:
    id: 2e3af2ad4ea7
    last_write_checksum: sha1:9928dbec2d8ad501da8518c10ec6df3b441eb5c9
    pristine_git_object: a9db55cfc1d1cbdcc480dfa5eeead3ee526d6953
  src/types/streams.ts:
    id: f99be9c4bf14
    last_write_checksum: sha1:cc9ced2dd34a76c3a1bd7784ccda1cc3b37ab9a9
    pristine_git_object: a0163e7a99cea88f21d0ad4ce3af1c720180ee20
  src/types/unrecognized.ts:
    id: 476605c40716
    last_write_checksum: sha1:d33ac686528492f4cdc0dbf81ed343b4afe020fe
    pristine_git_object: b7a2a13f3dff50663429df24ae2f55b647ff1084
  tsconfig.json:
    id: 61ebb9fd6e8c
    last_write_checksum: sha1:c3ec7996536cdb9a54319e7d1eb3b199b733d34c
    pristine_git_object: 0ccdbe286a8780e06a469a9eb7e2fb95322fd507
examples:
  updatePet:
    speakeasy-default-update-pet:
      requestBody:
        application/json: {"id": 10, "name": "doggie", "category": {"id": 1, "name": "Dogs"}, "photoUrls": ["<value 1>"]}
      responses:
        "200":
          application/json: {"id": 10, "name": "doggie", "category": {"id": 1, "name": "Dogs"}, "photoUrls": []}
        "400":
          application/json: {"status": 400, "error": "Bad request"}
        "401":
          application/json: {"status": 401, "error": "Unauthorized"}
        "404":
          application/json: {"status": 404, "error": "Not Found", "code": "object_not_found"}
  addPet:
    speakeasy-default-add-pet:
      requestBody:
        application/json: {"id": 10, "name": "doggie", "category": {"id": 1, "name": "Dogs"}, "photoUrls": ["<value 1>", "<value 2>", "<value 3>"]}
      responses:
        "200":
          application/json: {"id": 10, "name": "doggie", "category": {"id": 1, "name": "Dogs"}, "photoUrls": ["<value 1>"]}
  findPetsByStatus:
    speakeasy-default-find-pets-by-status:
      parameters:
        query:
          status: "available"
      responses:
        "200":
          application/json: [{"id": 10, "name": "doggie", "category": {"id": 1, "name": "Dogs"}, "photoUrls": ["<value 1>", "<value 2>"]}]
        "400":
          application/json: {"status": 400, "error": "Bad request"}
        "401":
          application/json: {"status": 401, "error": "Unauthorized"}
        "404":
          application/json: {"status": 404, "error": "Not Found", "code": "object_not_found"}
  findPetsByTags:
    speakeasy-default-find-pets-by-tags:
      responses:
        "200":
          application/json: [{"id": 10, "name": "doggie", "category": {"id": 1, "name": "Dogs"}, "photoUrls": []}]
        "400":
          application/json: {"status": 400, "error": "Bad request"}
        "401":
          application/json: {"status": 401, "error": "Unauthorized"}
        "404":
          application/json: {"status": 404, "error": "Not Found", "code": "object_not_found"}
  getPetById:
    speakeasy-default-get-pet-by-id:
      parameters:
        path:
          petId: 311674
      responses:
        "200":
          application/json: {"id": 10, "name": "doggie", "category": {"id": 1, "name": "Dogs"}, "photoUrls": ["<value 1>"]}
        "400":
          application/json: {"status": 400, "error": "Bad request"}
        "401":
          application/json: {"status": 401, "error": "Unauthorized"}
        "404":
          application/json: {"status": 404, "error": "Not Found", "code": "object_not_found"}
  deletePet:
    speakeasy-default-delete-pet:
      parameters:
        path:
          petId: 818965
      responses:
        "200":
          application/json: {"id": 10, "name": "doggie", "category": {"id": 1, "name": "Dogs"}, "photoUrls": []}
        "400":
          application/json: {"status": 400, "error": "Bad request"}
        "401":
          application/json: {"status": 401, "error": "Unauthorized"}
        "404":
          application/json: {"status": 404, "error": "Not Found", "code": "object_not_found"}
  uploadFile:
    speakeasy-default-upload-file:
      parameters:
        path:
          petId: 150516
      responses:
        "200":
          application/json: {}
  getInventory:
    speakeasy-default-get-inventory:
      responses:
        "200":
          application/json: {"key": 111959, "key1": 333452, "key2": 973245}
        "401":
          application/json: {"status": 401, "error": "Unauthorized"}
        "404":
          application/json: {"status": 404, "error": "Not Found", "code": "object_not_found"}
  placeOrder:
    speakeasy-default-place-order:
      requestBody:
        application/json: {"id": 10, "petId": 198772, "quantity": 7, "status": "approved"}
      responses:
        "200":
          application/json: {"id": 10, "petId": 198772, "quantity": 7, "status": "approved"}
        "401":
          application/json: {"status": 401, "error": "Unauthorized"}
        "404":
          application/json: {"status": 404, "error": "Not Found", "code": "object_not_found"}
  getOrderById:
    speakeasy-default-get-order-by-id:
      parameters:
        path:
          orderId: 728529
      responses:
        "200":
          application/json: {"id": 10, "petId": 198772, "quantity": 7, "status": "approved"}
        "400":
          application/json: {"status": 400, "error": "Bad request"}
        "401":
          application/json: {"status": 401, "error": "Unauthorized"}
        "404":
          application/json: {"status": 404, "error": "Not Found", "code": "object_not_found"}
  deleteOrder:
    speakeasy-default-delete-order:
      parameters:
        path:
          orderId: 690575
      responses:
        "200":
          application/json: {"id": 10, "petId": 198772, "quantity": 7, "status": "approved"}
        "400":
          application/json: {"status": 400, "error": "Bad request"}
        "401":
          application/json: {"status": 401, "error": "Unauthorized"}
        "404":
          application/json: {"status": 404, "error": "Not Found", "code": "object_not_found"}
  createUser:
    speakeasy-default-create-user:
      requestBody:
        application/json: {"id": 10, "username": "theUser", "firstName": "John", "lastName": "James", "email": "john@email.com", "password": "12345", "phone": "12345", "userStatus": 1}
      responses:
        "200":
          application/json: {"id": 10, "username": "theUser", "firstName": "John", "lastName": "James", "email": "john@email.com", "password": "12345", "phone": "12345", "userStatus": 1}
  createUsersWithListInput:
    speakeasy-default-create-users-with-list-input:
      requestBody:
        application/json: [{"id": 10, "username": "theUser", "firstName": "John", "lastName": "James", "email": "john@email.com", "password": "12345", "phone": "12345", "userStatus": 1}]
      responses:
        "200":
          application/json: {"id": 10, "username": "theUser", "firstName": "John", "lastName": "James", "email": "john@email.com", "password": "12345", "phone": "12345", "userStatus": 1}
  loginUser:
    speakeasy-default-login-user:
      responses:
        "200":
          application/json: "<value>"
        "400":
          application/json: {"status": 400, "error": "Bad request"}
        "401":
          application/json: {"status": 401, "error": "Unauthorized"}
        "404":
          application/json: {"status": 404, "error": "Not Found", "code": "object_not_found"}
  logoutUser: {}
  getUserByName:
    speakeasy-default-get-user-by-name:
      parameters:
        path:
          username: "Edyth10"
      responses:
        "200":
          application/json: {"id": 10, "username": "theUser", "firstName": "John", "lastName": "James", "email": "john@email.com", "password": "12345", "phone": "12345", "userStatus": 1}
        "400":
          application/json: {"status": 400, "error": "Bad request"}
        "401":
          application/json: {"status": 401, "error": "Unauthorized"}
        "404":
          application/json: {"status": 404, "error": "Not Found", "code": "object_not_found"}
  updateUser:
    speakeasy-default-update-user:
      parameters:
        path:
          username: "Alison.Cassin"
      requestBody:
        application/json: {"id": 10, "username": "theUser", "firstName": "John", "lastName": "James", "email": "john@email.com", "password": "12345", "phone": "12345", "userStatus": 1}
  deleteUser:
    speakeasy-default-delete-user:
      parameters:
        path:
          username: "Rita_Schuppe"
      responses:
        "200":
          application/json: {"id": 10, "username": "theUser", "firstName": "John", "lastName": "James", "email": "john@email.com", "password": "12345", "phone": "12345", "userStatus": 1}
        "400":
          application/json: {"status": 400, "error": "Bad request"}
        "401":
          application/json: {"status": 401, "error": "Unauthorized"}
        "404":
          application/json: {"status": 404, "error": "Not Found", "code": "object_not_found"}
examplesVersion: 1.0.2
